// !$*UTF8*$!
{
	archiveVersion = 1;
	classes = {
	};
	objectVersion = 46;
	objects = {

/* Begin PBXBuildFile section */
		8519D39A19CBA4B400EEBCE6 /* AppDelegate.swift in Sources */ = {isa = PBXBuildFile; fileRef = 8519D39919CBA4B400EEBCE6 /* AppDelegate.swift */; };
		8519D39C19CBA4B400EEBCE6 /* ViewController.swift in Sources */ = {isa = PBXBuildFile; fileRef = 8519D39B19CBA4B400EEBCE6 /* ViewController.swift */; };
		8519D39F19CBA4B400EEBCE6 /* Main.storyboard in Resources */ = {isa = PBXBuildFile; fileRef = 8519D39D19CBA4B400EEBCE6 /* Main.storyboard */; };
		8519D3A119CBA4B400EEBCE6 /* Images.xcassets in Resources */ = {isa = PBXBuildFile; fileRef = 8519D3A019CBA4B400EEBCE6 /* Images.xcassets */; };
		8519D3A419CBA4B400EEBCE6 /* LaunchScreen.xib in Resources */ = {isa = PBXBuildFile; fileRef = 8519D3A219CBA4B400EEBCE6 /* LaunchScreen.xib */; };
		8519D3B019CBA4B400EEBCE6 /* carouselTests.swift in Sources */ = {isa = PBXBuildFile; fileRef = 8519D3AF19CBA4B400EEBCE6 /* carouselTests.swift */; };
		8519D3BA19CBA65C00EEBCE6 /* IntroViewController.swift in Sources */ = {isa = PBXBuildFile; fileRef = 8519D3B919CBA65C00EEBCE6 /* IntroViewController.swift */; };
		8519D3BC19CBAB1D00EEBCE6 /* IntroScrollViewController.swift in Sources */ = {isa = PBXBuildFile; fileRef = 8519D3BB19CBAB1D00EEBCE6 /* IntroScrollViewController.swift */; };
		85D6B22F19CBB8EB00B54071 /* SignInViewController.swift in Sources */ = {isa = PBXBuildFile; fileRef = 85D6B22E19CBB8EB00B54071 /* SignInViewController.swift */; };
		85D6B23119CBF4C900B54071 /* WelcomeViewController.swift in Sources */ = {isa = PBXBuildFile; fileRef = 85D6B23019CBF4C900B54071 /* WelcomeViewController.swift */; };
/* End PBXBuildFile section */

/* Begin PBXContainerItemProxy section */
		8519D3AA19CBA4B400EEBCE6 /* PBXContainerItemProxy */ = {
			isa = PBXContainerItemProxy;
			containerPortal = 8519D38C19CBA4B400EEBCE6 /* Project object */;
			proxyType = 1;
			remoteGlobalIDString = 8519D39319CBA4B400EEBCE6;
			remoteInfo = carousel;
		};
/* End PBXContainerItemProxy section */

/* Begin PBXFileReference section */
		8519D39419CBA4B400EEBCE6 /* carousel.app */ = {isa = PBXFileReference; explicitFileType = wrapper.application; includeInIndex = 0; path = carousel.app; sourceTree = BUILT_PRODUCTS_DIR; };
		8519D39819CBA4B400EEBCE6 /* Info.plist */ = {isa = PBXFileReference; lastKnownFileType = text.plist.xml; path = Info.plist; sourceTree = "<group>"; };
		8519D39919CBA4B400EEBCE6 /* AppDelegate.swift */ = {isa = PBXFileReference; lastKnownFileType = sourcecode.swift; path = AppDelegate.swift; sourceTree = "<group>"; };
		8519D39B19CBA4B400EEBCE6 /* ViewController.swift */ = {isa = PBXFileReference; lastKnownFileType = sourcecode.swift; path = ViewController.swift; sourceTree = "<group>"; };
		8519D39E19CBA4B400EEBCE6 /* Base */ = {isa = PBXFileReference; lastKnownFileType = file.storyboard; name = Base; path = Base.lproj/Main.storyboard; sourceTree = "<group>"; };
		8519D3A019CBA4B400EEBCE6 /* Images.xcassets */ = {isa = PBXFileReference; lastKnownFileType = folder.assetcatalog; path = Images.xcassets; sourceTree = "<group>"; };
		8519D3A319CBA4B400EEBCE6 /* Base */ = {isa = PBXFileReference; lastKnownFileType = file.xib; name = Base; path = Base.lproj/LaunchScreen.xib; sourceTree = "<group>"; };
		8519D3A919CBA4B400EEBCE6 /* carouselTests.xctest */ = {isa = PBXFileReference; explicitFileType = wrapper.cfbundle; includeInIndex = 0; path = carouselTests.xctest; sourceTree = BUILT_PRODUCTS_DIR; };
		8519D3AE19CBA4B400EEBCE6 /* Info.plist */ = {isa = PBXFileReference; lastKnownFileType = text.plist.xml; path = Info.plist; sourceTree = "<group>"; };
		8519D3AF19CBA4B400EEBCE6 /* carouselTests.swift */ = {isa = PBXFileReference; lastKnownFileType = sourcecode.swift; path = carouselTests.swift; sourceTree = "<group>"; };
		8519D3B919CBA65C00EEBCE6 /* IntroViewController.swift */ = {isa = PBXFileReference; fileEncoding = 4; lastKnownFileType = sourcecode.swift; path = IntroViewController.swift; sourceTree = "<group>"; };
		8519D3BB19CBAB1D00EEBCE6 /* IntroScrollViewController.swift */ = {isa = PBXFileReference; fileEncoding = 4; lastKnownFileType = sourcecode.swift; path = IntroScrollViewController.swift; sourceTree = "<group>"; };
		85D6B22E19CBB8EB00B54071 /* SignInViewController.swift */ = {isa = PBXFileReference; fileEncoding = 4; lastKnownFileType = sourcecode.swift; path = SignInViewController.swift; sourceTree = "<group>"; };
		85D6B23019CBF4C900B54071 /* WelcomeViewController.swift */ = {isa = PBXFileReference; fileEncoding = 4; lastKnownFileType = sourcecode.swift; name = WelcomeViewController.swift; path = ../WelcomeViewController.swift; sourceTree = "<group>"; };
/* End PBXFileReference section */

/* Begin PBXFrameworksBuildPhase section */
		8519D39119CBA4B400EEBCE6 /* Frameworks */ = {
			isa = PBXFrameworksBuildPhase;
			buildActionMask = 2147483647;
			files = (
			);
			runOnlyForDeploymentPostprocessing = 0;
		};
		8519D3A619CBA4B400EEBCE6 /* Frameworks */ = {
			isa = PBXFrameworksBuildPhase;
			buildActionMask = 2147483647;
			files = (
			);
			runOnlyForDeploymentPostprocessing = 0;
		};
/* End PBXFrameworksBuildPhase section */

/* Begin PBXGroup section */
		8519D38B19CBA4B400EEBCE6 = {
			isa = PBXGroup;
			children = (
				8519D39619CBA4B400EEBCE6 /* carousel */,
				8519D3AC19CBA4B400EEBCE6 /* carouselTests */,
				8519D39519CBA4B400EEBCE6 /* Products */,
			);
			sourceTree = "<group>";
		};
		8519D39519CBA4B400EEBCE6 /* Products */ = {
			isa = PBXGroup;
			children = (
				8519D39419CBA4B400EEBCE6 /* carousel.app */,
				8519D3A919CBA4B400EEBCE6 /* carouselTests.xctest */,
			);
			name = Products;
			sourceTree = "<group>";
		};
		8519D39619CBA4B400EEBCE6 /* carousel */ = {
			isa = PBXGroup;
			children = (
				85D6B23019CBF4C900B54071 /* WelcomeViewController.swift */,
				8519D39919CBA4B400EEBCE6 /* AppDelegate.swift */,
				8519D39B19CBA4B400EEBCE6 /* ViewController.swift */,
				8519D39D19CBA4B400EEBCE6 /* Main.storyboard */,
				85D6B22E19CBB8EB00B54071 /* SignInViewController.swift */,
				8519D3BB19CBAB1D00EEBCE6 /* IntroScrollViewController.swift */,
				8519D3B919CBA65C00EEBCE6 /* IntroViewController.swift */,
				8519D3A019CBA4B400EEBCE6 /* Images.xcassets */,
				8519D3A219CBA4B400EEBCE6 /* LaunchScreen.xib */,
				8519D39719CBA4B400EEBCE6 /* Supporting Files */,
			);
			path = carousel;
			sourceTree = "<group>";
		};
		8519D39719CBA4B400EEBCE6 /* Supporting Files */ = {
			isa = PBXGroup;
			children = (
				8519D39819CBA4B400EEBCE6 /* Info.plist */,
			);
			name = "Supporting Files";
			sourceTree = "<group>";
		};
		8519D3AC19CBA4B400EEBCE6 /* carouselTests */ = {
			isa = PBXGroup;
			children = (
				8519D3AF19CBA4B400EEBCE6 /* carouselTests.swift */,
				8519D3AD19CBA4B400EEBCE6 /* Supporting Files */,
			);
			path = carouselTests;
			sourceTree = "<group>";
		};
		8519D3AD19CBA4B400EEBCE6 /* Supporting Files */ = {
			isa = PBXGroup;
			children = (
				8519D3AE19CBA4B400EEBCE6 /* Info.plist */,
			);
			name = "Supporting Files";
			sourceTree = "<group>";
		};
/* End PBXGroup section */

/* Begin PBXNativeTarget section */
		8519D39319CBA4B400EEBCE6 /* carousel */ = {
			isa = PBXNativeTarget;
			buildConfigurationList = 8519D3B319CBA4B400EEBCE6 /* Build configuration list for PBXNativeTarget "carousel" */;
			buildPhases = (
				8519D39019CBA4B400EEBCE6 /* Sources */,
				8519D39119CBA4B400EEBCE6 /* Frameworks */,
				8519D39219CBA4B400EEBCE6 /* Resources */,
			);
			buildRules = (
			);
			dependencies = (
			);
			name = carousel;
			productName = carousel;
			productReference = 8519D39419CBA4B400EEBCE6 /* carousel.app */;
			productType = "com.apple.product-type.application";
		};
		8519D3A819CBA4B400EEBCE6 /* carouselTests */ = {
			isa = PBXNativeTarget;
			buildConfigurationList = 8519D3B619CBA4B400EEBCE6 /* Build configuration list for PBXNativeTarget "carouselTests" */;
			buildPhases = (
				8519D3A519CBA4B400EEBCE6 /* Sources */,
				8519D3A619CBA4B400EEBCE6 /* Frameworks */,
				8519D3A719CBA4B400EEBCE6 /* Resources */,
			);
			buildRules = (
			);
			dependencies = (
				8519D3AB19CBA4B400EEBCE6 /* PBXTargetDependency */,
			);
			name = carouselTests;
			productName = carouselTests;
			productReference = 8519D3A919CBA4B400EEBCE6 /* carouselTests.xctest */;
			productType = "com.apple.product-type.bundle.unit-test";
		};
/* End PBXNativeTarget section */

/* Begin PBXProject section */
		8519D38C19CBA4B400EEBCE6 /* Project object */ = {
			isa = PBXProject;
			attributes = {
				LastUpgradeCheck = 0600;
				ORGANIZATIONNAME = "Jayne Vidheecharoen";
				TargetAttributes = {
					8519D39319CBA4B400EEBCE6 = {
						CreatedOnToolsVersion = 6.0;
					};
					8519D3A819CBA4B400EEBCE6 = {
						CreatedOnToolsVersion = 6.0;
						TestTargetID = 8519D39319CBA4B400EEBCE6;
					};
				};
			};
			buildConfigurationList = 8519D38F19CBA4B400EEBCE6 /* Build configuration list for PBXProject "carousel" */;
			compatibilityVersion = "Xcode 3.2";
			developmentRegion = English;
			hasScannedForEncodings = 0;
			knownRegions = (
				en,
				Base,
			);
			mainGroup = 8519D38B19CBA4B400EEBCE6;
			productRefGroup = 8519D39519CBA4B400EEBCE6 /* Products */;
			projectDirPath = "";
			projectRoot = "";
			targets = (
				8519D39319CBA4B400EEBCE6 /* carousel */,
				8519D3A819CBA4B400EEBCE6 /* carouselTests */,
			);
		};
/* End PBXProject section */

/* Begin PBXResourcesBuildPhase section */
		8519D39219CBA4B400EEBCE6 /* Resources */ = {
			isa = PBXResourcesBuildPhase;
			buildActionMask = 2147483647;
			files = (
				8519D39F19CBA4B400EEBCE6 /* Main.storyboard in Resources */,
				8519D3A419CBA4B400EEBCE6 /* LaunchScreen.xib in Resources */,
				8519D3A119CBA4B400EEBCE6 /* Images.xcassets in Resources */,
			);
			runOnlyForDeploymentPostprocessing = 0;
		};
		8519D3A719CBA4B400EEBCE6 /* Resources */ = {
			isa = PBXResourcesBuildPhase;
			buildActionMask = 2147483647;
			files = (
			);
			runOnlyForDeploymentPostprocessing = 0;
		};
/* End PBXResourcesBuildPhase section */

/* Begin PBXSourcesBuildPhase section */
		8519D39019CBA4B400EEBCE6 /* Sources */ = {
			isa = PBXSourcesBuildPhase;
			buildActionMask = 2147483647;
			files = (
				8519D3BC19CBAB1D00EEBCE6 /* IntroScrollViewController.swift in Sources */,
				8519D3BA19CBA65C00EEBCE6 /* IntroViewController.swift in Sources */,
				8519D39C19CBA4B400EEBCE6 /* ViewController.swift in Sources */,
				85D6B23119CBF4C900B54071 /* WelcomeViewController.swift in Sources */,
				85D6B22F19CBB8EB00B54071 /* SignInViewController.swift in Sources */,
				8519D39A19CBA4B400EEBCE6 /* AppDelegate.swift in Sources */,
			);
			runOnlyForDeploymentPostprocessing = 0;
		};
		8519D3A519CBA4B400EEBCE6 /* Sources */ = {
			isa = PBXSourcesBuildPhase;
			buildActionMask = 2147483647;
			files = (
				8519D3B019CBA4B400EEBCE6 /* carouselTests.swift in Sources */,
			);
			runOnlyForDeploymentPostprocessing = 0;
		};
/* End PBXSourcesBuildPhase section */

/* Begin PBXTargetDependency section */
		8519D3AB19CBA4B400EEBCE6 /* PBXTargetDependency */ = {
			isa = PBXTargetDependency;
			target = 8519D39319CBA4B400EEBCE6 /* carousel */;
			targetProxy = 8519D3AA19CBA4B400EEBCE6 /* PBXContainerItemProxy */;
		};
/* End PBXTargetDependency section */

/* Begin PBXVariantGroup section */
		8519D39D19CBA4B400EEBCE6 /* Main.storyboard */ = {
			isa = PBXVariantGroup;
			children = (
				8519D39E19CBA4B400EEBCE6 /* Base */,
			);
			name = Main.storyboard;
			sourceTree = "<group>";
		};
		8519D3A219CBA4B400EEBCE6 /* LaunchScreen.xib */ = {
			isa = PBXVariantGroup;
			children = (
				8519D3A319CBA4B400EEBCE6 /* Base */,
			);
			name = LaunchScreen.xib;
			sourceTree = "<group>";
		};
/* End PBXVariantGroup section */

/* Begin XCBuildConfiguration section */
		8519D3B119CBA4B400EEBCE6 /* Debug */ = {
			isa = XCBuildConfiguration;
			buildSettings = {
				ALWAYS_SEARCH_USER_PATHS = NO;
				CLANG_CXX_LANGUAGE_STANDARD = "gnu++0x";
				CLANG_CXX_LIBRARY = "libc++";
				CLANG_ENABLE_MODULES = YES;
				CLANG_ENABLE_OBJC_ARC = YES;
				CLANG_WARN_BOOL_CONVERSION = YES;
				CLANG_WARN_CONSTANT_CONVERSION = YES;
				CLANG_WARN_DIRECT_OBJC_ISA_USAGE = YES_ERROR;
				CLANG_WARN_EMPTY_BODY = YES;
				CLANG_WARN_ENUM_CONVERSION = YES;
				CLANG_WARN_INT_CONVERSION = YES;
				CLANG_WARN_OBJC_ROOT_CLASS = YES_ERROR;
				CLANG_WARN_UNREACHABLE_CODE = YES;
				CLANG_WARN__DUPLICATE_METHOD_MATCH = YES;
				"CODE_SIGN_IDENTITY[sdk=iphoneos*]" = "iPhone Developer";
				COPY_PHASE_STRIP = NO;
				ENABLE_STRICT_OBJC_MSGSEND = YES;
				GCC_C_LANGUAGE_STANDARD = gnu99;
				GCC_DYNAMIC_NO_PIC = NO;
				GCC_OPTIMIZATION_LEVEL = 0;
				GCC_PREPROCESSOR_DEFINITIONS = (
					"DEBUG=1",
					"$(inherited)",
				);
				GCC_SYMBOLS_PRIVATE_EXTERN = NO;
				GCC_WARN_64_TO_32_BIT_CONVERSION = YES;
				GCC_WARN_ABOUT_RETURN_TYPE = YES_ERROR;
				GCC_WARN_UNDECLARED_SELECTOR = YES;
				GCC_WARN_UNINITIALIZED_AUTOS = YES_AGGRESSIVE;
				GCC_WARN_UNUSED_FUNCTION = YES;
				GCC_WARN_UNUSED_VARIABLE = YES;
				IPHONEOS_DEPLOYMENT_TARGET = 8.0;
				MTL_ENABLE_DEBUG_INFO = YES;
				ONLY_ACTIVE_ARCH = YES;
				SDKROOT = iphoneos;
				SWIFT_OPTIMIZATION_LEVEL = "-Onone";
			};
			name = Debug;
		};
		8519D3B219CBA4B400EEBCE6 /* Release */ = {
			isa = XCBuildConfiguration;
			buildSettings = {
				ALWAYS_SEARCH_USER_PATHS = NO;
				CLANG_CXX_LANGUAGE_STANDARD = "gnu++0x";
				CLANG_CXX_LIBRARY = "libc++";
				CLANG_ENABLE_MODULES = YES;
				CLANG_ENABLE_OBJC_ARC = YES;
				CLANG_WARN_BOOL_CONVERSION = YES;
				CLANG_WARN_CONSTANT_CONVERSION = YES;
				CLANG_WARN_DIRECT_OBJC_ISA_USAGE = YES_ERROR;
				CLANG_WARN_EMPTY_BODY = YES;
				CLANG_WARN_ENUM_CONVERSION = YES;
				CLANG_WARN_INT_CONVERSION = YES;
				CLANG_WARN_OBJC_ROOT_CLASS = YES_ERROR;
				CLANG_WARN_UNREACHABLE_CODE = YES;
				CLANG_WARN__DUPLICATE_METHOD_MATCH = YES;
				"CODE_SIGN_IDENTITY[sdk=iphoneos*]" = "iPhone Developer";
				COPY_PHASE_STRIP = YES;
				ENABLE_NS_ASSERTIONS = NO;
				ENABLE_STRICT_OBJC_MSGSEND = YES;
				GCC_C_LANGUAGE_STANDARD = gnu99;
				GCC_WARN_64_TO_32_BIT_CONVERSION = YES;
				GCC_WARN_ABOUT_RETURN_TYPE = YES_ERROR;
				GCC_WARN_UNDECLARED_SELECTOR = YES;
				GCC_WARN_UNINITIALIZED_AUTOS = YES_AGGRESSIVE;
				GCC_WARN_UNUSED_FUNCTION = YES;
				GCC_WARN_UNUSED_VARIABLE = YES;
				IPHONEOS_DEPLOYMENT_TARGET = 8.0;
				MTL_ENABLE_DEBUG_INFO = NO;
				SDKROOT = iphoneos;
				VALIDATE_PRODUCT = YES;
			};
			name = Release;
		};
		8519D3B419CBA4B400EEBCE6 /* Debug */ = {
			isa = XCBuildConfiguration;
			buildSettings = {
				ASSETCATALOG_COMPILER_APPICON_NAME = AppIcon;
				INFOPLIST_FILE = carousel/Info.plist;
				LD_RUNPATH_SEARCH_PATHS = "$(inherited) @executable_path/Frameworks";
				PRODUCT_NAME = "$(TARGET_NAME)";
			};
			name = Debug;
		};
		8519D3B519CBA4B400EEBCE6 /* Release */ = {
			isa = XCBuildConfiguration;
			buildSettings = {
				ASSETCATALOG_COMPILER_APPICON_NAME = AppIcon;
				INFOPLIST_FILE = carousel/Info.plist;
				LD_RUNPATH_SEARCH_PATHS = "$(inherited) @executable_path/Frameworks";
				PRODUCT_NAME = "$(TARGET_NAME)";
			};
			name = Release;
		};
		8519D3B719CBA4B400EEBCE6 /* Debug */ = {
			isa = XCBuildConfiguration;
			buildSettings = {
				BUNDLE_LOADER = "$(TEST_HOST)";
				FRAMEWORK_SEARCH_PATHS = (
					"$(SDKROOT)/Developer/Library/Frameworks",
					"$(inherited)",
				);
				GCC_PREPROCESSOR_DEFINITIONS = (
					"DEBUG=1",
					"$(inherited)",
				);
				INFOPLIST_FILE = carouselTests/Info.plist;
				LD_RUNPATH_SEARCH_PATHS = "$(inherited) @executable_path/Frameworks @loader_path/Frameworks";
				PRODUCT_NAME = "$(TARGET_NAME)";
				TEST_HOST = "$(BUILT_PRODUCTS_DIR)/carousel.app/carousel";
			};
			name = Debug;
		};
		8519D3B819CBA4B400EEBCE6 /* Release */ = {
			isa = XCBuildConfiguration;
			buildSettings = {
				BUNDLE_LOADER = "$(TEST_HOST)";
				FRAMEWORK_SEARCH_PATHS = (
					"$(SDKROOT)/Developer/Library/Frameworks",
					"$(inherited)",
				);
				INFOPLIST_FILE = carouselTests/Info.plist;
				LD_RUNPATH_SEARCH_PATHS = "$(inherited) @executable_path/Frameworks @loader_path/Frameworks";
				PRODUCT_NAME = "$(TARGET_NAME)";
				TEST_HOST = "$(BUILT_PRODUCTS_DIR)/carousel.app/carousel";
			};
			name = Release;
		};
/* End XCBuildConfiguration section */

/* Begin XCConfigurationList section */
		8519D38F19CBA4B400EEBCE6 /* Build configuration list for PBXProject "carousel" */ = {
			isa = XCConfigurationList;
			buildConfigurations = (
				8519D3B119CBA4B400EEBCE6 /* Debug */,
				8519D3B219CBA4B400EEBCE6 /* Release */,
			);
			defaultConfigurationIsVisible = 0;
			defaultConfigurationName = Release;
		};
		8519D3B319CBA4B400EEBCE6 /* Build configuration list for PBXNativeTarget "carousel" */ = {
			isa = XCConfigurationList;
			buildConfigurations = (
				8519D3B419CBA4B400EEBCE6 /* Debug */,
				8519D3B519CBA4B400EEBCE6 /* Release */,
			);
			defaultConfigurationIsVisible = 0;
			defaultConfigurationName = Release;
		};
		8519D3B619CBA4B400EEBCE6 /* Build configuration list for PBXNativeTarget "carouselTests" */ = {
			isa = XCConfigurationList;
			buildConfigurations = (
				8519D3B719CBA4B400EEBCE6 /* Debug */,
				8519D3B819CBA4B400EEBCE6 /* Release */,
			);
			defaultConfigurationIsVisible = 0;
			defaultConfigurationName = Release;
		};
/* End XCConfigurationList section */
	};
	rootObject = 8519D38C19CBA4B400EEBCE6 /* Project object */;
}
